
Microsoft Visual Studio Solution File, Format Version 12.00
# Visual Studio Version 16
VisualStudioVersion = 16.0.30114.105
MinimumVisualStudioVersion = 10.0.40219.1
Project("{FAE04EC0-301F-11D3-BF4B-00C04F79EFBC}") = "API", "API\API.csproj", "{503B2C3C-5958-496A-A8B6-58EEB8DECD48}"
EndProject
Project("{FAE04EC0-301F-11D3-BF4B-00C04F79EFBC}") = "Application", "Application\Application.csproj", "{71FCBE07-079D-4845-A462-CFB87E50E8C8}"
EndProject
Project("{FAE04EC0-301F-11D3-BF4B-00C04F79EFBC}") = "Domain", "Domain\Domain.csproj", "{BD09BFBC-DD51-4B61-A88F-4D01F0FAE405}"
EndProject
Project("{FAE04EC0-301F-11D3-BF4B-00C04F79EFBC}") = "Persistence", "Persistence\Persistence.csproj", "{D892D29F-2675-426B-A62E-B6178E0AA53F}"
EndProject
Global
	GlobalSection(SolutionConfigurationPlatforms) = preSolution
		Debug|Any CPU = Debug|Any CPU
		Debug|x64 = Debug|x64
		Debug|x86 = Debug|x86
		Release|Any CPU = Release|Any CPU
		Release|x64 = Release|x64
		Release|x86 = Release|x86
	EndGlobalSection
	GlobalSection(SolutionProperties) = preSolution
		HideSolutionNode = FALSE
	EndGlobalSection
	GlobalSection(ProjectConfigurationPlatforms) = postSolution
		{503B2C3C-5958-496A-A8B6-58EEB8DECD48}.Debug|Any CPU.ActiveCfg = Debug|Any CPU
		{503B2C3C-5958-496A-A8B6-58EEB8DECD48}.Debug|Any CPU.Build.0 = Debug|Any CPU
		{503B2C3C-5958-496A-A8B6-58EEB8DECD48}.Debug|x64.ActiveCfg = Debug|Any CPU
		{503B2C3C-5958-496A-A8B6-58EEB8DECD48}.Debug|x64.Build.0 = Debug|Any CPU
		{503B2C3C-5958-496A-A8B6-58EEB8DECD48}.Debug|x86.ActiveCfg = Debug|Any CPU
		{503B2C3C-5958-496A-A8B6-58EEB8DECD48}.Debug|x86.Build.0 = Debug|Any CPU
		{503B2C3C-5958-496A-A8B6-58EEB8DECD48}.Release|Any CPU.ActiveCfg = Release|Any CPU
		{503B2C3C-5958-496A-A8B6-58EEB8DECD48}.Release|Any CPU.Build.0 = Release|Any CPU
		{503B2C3C-5958-496A-A8B6-58EEB8DECD48}.Release|x64.ActiveCfg = Release|Any CPU
		{503B2C3C-5958-496A-A8B6-58EEB8DECD48}.Release|x64.Build.0 = Release|Any CPU
		{503B2C3C-5958-496A-A8B6-58EEB8DECD48}.Release|x86.ActiveCfg = Release|Any CPU
		{503B2C3C-5958-496A-A8B6-58EEB8DECD48}.Release|x86.Build.0 = Release|Any CPU
		{71FCBE07-079D-4845-A462-CFB87E50E8C8}.Debug|Any CPU.ActiveCfg = Debug|Any CPU
		{71FCBE07-079D-4845-A462-CFB87E50E8C8}.Debug|Any CPU.Build.0 = Debug|Any CPU
		{71FCBE07-079D-4845-A462-CFB87E50E8C8}.Debug|x64.ActiveCfg = Debug|Any CPU
		{71FCBE07-079D-4845-A462-CFB87E50E8C8}.Debug|x64.Build.0 = Debug|Any CPU
		{71FCBE07-079D-4845-A462-CFB87E50E8C8}.Debug|x86.ActiveCfg = Debug|Any CPU
		{71FCBE07-079D-4845-A462-CFB87E50E8C8}.Debug|x86.Build.0 = Debug|Any CPU
		{71FCBE07-079D-4845-A462-CFB87E50E8C8}.Release|Any CPU.ActiveCfg = Release|Any CPU
		{71FCBE07-079D-4845-A462-CFB87E50E8C8}.Release|Any CPU.Build.0 = Release|Any CPU
		{71FCBE07-079D-4845-A462-CFB87E50E8C8}.Release|x64.ActiveCfg = Release|Any CPU
		{71FCBE07-079D-4845-A462-CFB87E50E8C8}.Release|x64.Build.0 = Release|Any CPU
		{71FCBE07-079D-4845-A462-CFB87E50E8C8}.Release|x86.ActiveCfg = Release|Any CPU
		{71FCBE07-079D-4845-A462-CFB87E50E8C8}.Release|x86.Build.0 = Release|Any CPU
		{BD09BFBC-DD51-4B61-A88F-4D01F0FAE405}.Debug|Any CPU.ActiveCfg = Debug|Any CPU
		{BD09BFBC-DD51-4B61-A88F-4D01F0FAE405}.Debug|Any CPU.Build.0 = Debug|Any CPU
		{BD09BFBC-DD51-4B61-A88F-4D01F0FAE405}.Debug|x64.ActiveCfg = Debug|Any CPU
		{BD09BFBC-DD51-4B61-A88F-4D01F0FAE405}.Debug|x64.Build.0 = Debug|Any CPU
		{BD09BFBC-DD51-4B61-A88F-4D01F0FAE405}.Debug|x86.ActiveCfg = Debug|Any CPU
		{BD09BFBC-DD51-4B61-A88F-4D01F0FAE405}.Debug|x86.Build.0 = Debug|Any CPU
		{BD09BFBC-DD51-4B61-A88F-4D01F0FAE405}.Release|Any CPU.ActiveCfg = Release|Any CPU
		{BD09BFBC-DD51-4B61-A88F-4D01F0FAE405}.Release|Any CPU.Build.0 = Release|Any CPU
		{BD09BFBC-DD51-4B61-A88F-4D01F0FAE405}.Release|x64.ActiveCfg = Release|Any CPU
		{BD09BFBC-DD51-4B61-A88F-4D01F0FAE405}.Release|x64.Build.0 = Release|Any CPU
		{BD09BFBC-DD51-4B61-A88F-4D01F0FAE405}.Release|x86.ActiveCfg = Release|Any CPU
		{BD09BFBC-DD51-4B61-A88F-4D01F0FAE405}.Release|x86.Build.0 = Release|Any CPU
		{D892D29F-2675-426B-A62E-B6178E0AA53F}.Debug|Any CPU.ActiveCfg = Debug|Any CPU
		{D892D29F-2675-426B-A62E-B6178E0AA53F}.Debug|Any CPU.Build.0 = Debug|Any CPU
		{D892D29F-2675-426B-A62E-B6178E0AA53F}.Debug|x64.ActiveCfg = Debug|Any CPU
		{D892D29F-2675-426B-A62E-B6178E0AA53F}.Debug|x64.Build.0 = Debug|Any CPU
		{D892D29F-2675-426B-A62E-B6178E0AA53F}.Debug|x86.ActiveCfg = Debug|Any CPU
		{D892D29F-2675-426B-A62E-B6178E0AA53F}.Debug|x86.Build.0 = Debug|Any CPU
		{D892D29F-2675-426B-A62E-B6178E0AA53F}.Release|Any CPU.ActiveCfg = Release|Any CPU
		{D892D29F-2675-426B-A62E-B6178E0AA53F}.Release|Any CPU.Build.0 = Release|Any CPU
		{D892D29F-2675-426B-A62E-B6178E0AA53F}.Release|x64.ActiveCfg = Release|Any CPU
		{D892D29F-2675-426B-A62E-B6178E0AA53F}.Release|x64.Build.0 = Release|Any CPU
		{D892D29F-2675-426B-A62E-B6178E0AA53F}.Release|x86.ActiveCfg = Release|Any CPU
		{D892D29F-2675-426B-A62E-B6178E0AA53F}.Release|x86.Build.0 = Release|Any CPU
	EndGlobalSection
EndGlobal
